// !$*UTF8*$!
{
	archiveVersion = 1;
	classes = {
	};
	objectVersion = 50;
	objects = {

/* Begin PBXBuildFile section */
		431DE99A2756BE7D0069F64F /* AppDelegate.swift in Sources */ = {isa = PBXBuildFile; fileRef = 431DE9992756BE7D0069F64F /* AppDelegate.swift */; };
		431DE99C2756BE7D0069F64F /* SceneDelegate.swift in Sources */ = {isa = PBXBuildFile; fileRef = 431DE99B2756BE7D0069F64F /* SceneDelegate.swift */; };
		431DE99E2756BE7D0069F64F /* ViewController.swift in Sources */ = {isa = PBXBuildFile; fileRef = 431DE99D2756BE7D0069F64F /* ViewController.swift */; };
		431DE9A12756BE7D0069F64F /* Main.storyboard in Resources */ = {isa = PBXBuildFile; fileRef = 431DE99F2756BE7D0069F64F /* Main.storyboard */; };
		431DE9A32756BE800069F64F /* Assets.xcassets in Resources */ = {isa = PBXBuildFile; fileRef = 431DE9A22756BE800069F64F /* Assets.xcassets */; };
		431DE9A62756BE800069F64F /* LaunchScreen.storyboard in Resources */ = {isa = PBXBuildFile; fileRef = 431DE9A42756BE800069F64F /* LaunchScreen.storyboard */; };
/* End PBXBuildFile section */

/* Begin PBXFileReference section */
		431DE9962756BE7D0069F64F /* Catch 'em All.app */ = {isa = PBXFileReference; explicitFileType = wrapper.application; includeInIndex = 0; path = "Catch 'em All.app"; sourceTree = BUILT_PRODUCTS_DIR; };
		431DE9992756BE7D0069F64F /* AppDelegate.swift */ = {isa = PBXFileReference; lastKnownFileType = sourcecode.swift; path = AppDelegate.swift; sourceTree = "<group>"; };
		431DE99B2756BE7D0069F64F /* SceneDelegate.swift */ = {isa = PBXFileReference; lastKnownFileType = sourcecode.swift; path = SceneDelegate.swift; sourceTree = "<group>"; };
		431DE99D2756BE7D0069F64F /* ViewController.swift */ = {isa = PBXFileReference; lastKnownFileType = sourcecode.swift; path = ViewController.swift; sourceTree = "<group>"; };
		431DE9A02756BE7D0069F64F /* Base */ = {isa = PBXFileReference; lastKnownFileType = file.storyboard; name = Base; path = Base.lproj/Main.storyboard; sourceTree = "<group>"; };
		431DE9A22756BE800069F64F /* Assets.xcassets */ = {isa = PBXFileReference; lastKnownFileType = folder.assetcatalog; path = Assets.xcassets; sourceTree = "<group>"; };
		431DE9A52756BE800069F64F /* Base */ = {isa = PBXFileReference; lastKnownFileType = file.storyboard; name = Base; path = Base.lproj/LaunchScreen.storyboard; sourceTree = "<group>"; };
		431DE9A72756BE800069F64F /* Info.plist */ = {isa = PBXFileReference; lastKnownFileType = text.plist.xml; path = Info.plist; sourceTree = "<group>"; };
/* End PBXFileReference section */

/* Begin PBXFrameworksBuildPhase section */
		431DE9932756BE7D0069F64F /* Frameworks */ = {
			isa = PBXFrameworksBuildPhase;
			buildActionMask = 2147483647;
			files = (
			);
			runOnlyForDeploymentPostprocessing = 0;
		};
/* End PBXFrameworksBuildPhase section */

/* Begin PBXGroup section */
		431DE98D2756BE7D0069F64F = {
			isa = PBXGroup;
			children = (
				431DE9982756BE7D0069F64F /* Catch 'em All */,
				431DE9972756BE7D0069F64F /* Products */,
			);
			sourceTree = "<group>";
		};
		431DE9972756BE7D0069F64F /* Products */ = {
			isa = PBXGroup;
			children = (
				431DE9962756BE7D0069F64F /* Catch 'em All.app */,
			);
			name = Products;
			sourceTree = "<group>";
		};
		431DE9982756BE7D0069F64F /* Catch 'em All */ = {
			isa = PBXGroup;
			children = (
				431DE9992756BE7D0069F64F /* AppDelegate.swift */,
				431DE99B2756BE7D0069F64F /* SceneDelegate.swift */,
				431DE99D2756BE7D0069F64F /* ViewController.swift */,
				431DE99F2756BE7D0069F64F /* Main.storyboard */,
				431DE9A22756BE800069F64F /* Assets.xcassets */,
				431DE9A42756BE800069F64F /* LaunchScreen.storyboard */,
				431DE9A72756BE800069F64F /* Info.plist */,
			);
			path = "Catch 'em All";
			sourceTree = "<group>";
		};
/* End PBXGroup section */

/* Begin PBXNativeTarget section */
		431DE9952756BE7D0069F64F /* Catch 'em All */ = {
			isa = PBXNativeTarget;
			buildConfigurationList = 431DE9AA2756BE800069F64F /* Build configuration list for PBXNativeTarget "Catch 'em All" */;
			buildPhases = (
				431DE9922756BE7D0069F64F /* Sources */,
				431DE9932756BE7D0069F64F /* Frameworks */,
				431DE9942756BE7D0069F64F /* Resources */,
			);
			buildRules = (
			);
			dependencies = (
			);
			name = "Catch 'em All";
			productName = "Catch 'em All";
			productReference = 431DE9962756BE7D0069F64F /* Catch 'em All.app */;
			productType = "com.apple.product-type.application";
		};
/* End PBXNativeTarget section */

/* Begin PBXProject section */
		431DE98E2756BE7D0069F64F /* Project object */ = {
			isa = PBXProject;
			attributes = {
				LastSwiftUpdateCheck = 1250;
				LastUpgradeCheck = 1250;
				TargetAttributes = {
					431DE9952756BE7D0069F64F = {
						CreatedOnToolsVersion = 12.5.1;
					};
				};
			};
			buildConfigurationList = 431DE9912756BE7D0069F64F /* Build configuration list for PBXProject "Catch 'em All" */;
			compatibilityVersion = "Xcode 9.3";
			developmentRegion = en;
			hasScannedForEncodings = 0;
			knownRegions = (
				en,
				Base,
			);
			mainGroup = 431DE98D2756BE7D0069F64F;
			productRefGroup = 431DE9972756BE7D0069F64F /* Products */;
			projectDirPath = "";
			projectRoot = "";
			targets = (
				431DE9952756BE7D0069F64F /* Catch 'em All */,
			);
		};
/* End PBXProject section */

/* Begin PBXResourcesBuildPhase section */
		431DE9942756BE7D0069F64F /* Resources */ = {
			isa = PBXResourcesBuildPhase;
			buildActionMask = 2147483647;
			files = (
				431DE9A62756BE800069F64F /* LaunchScreen.storyboard in Resources */,
				431DE9A32756BE800069F64F /* Assets.xcassets in Resources */,
				431DE9A12756BE7D0069F64F /* Main.storyboard in Resources */,
			);
			runOnlyForDeploymentPostprocessing = 0;
		};
/* End PBXResourcesBuildPhase section */

/* Begin PBXSourcesBuildPhase section */
		431DE9922756BE7D0069F64F /* Sources */ = {
			isa = PBXSourcesBuildPhase;
			buildActionMask = 2147483647;
			files = (
				431DE99E2756BE7D0069F64F /* ViewController.swift in Sources */,
				431DE99A2756BE7D0069F64F /* AppDelegate.swift in Sources */,
				431DE99C2756BE7D0069F64F /* SceneDelegate.swift in Sources */,
			);
			runOnlyForDeploymentPostprocessing = 0;
		};
/* End PBXSourcesBuildPhase section */

/* Begin PBXVariantGroup section */
		431DE99F2756BE7D0069F64F /* Main.storyboard */ = {
			isa = PBXVariantGroup;
			children = (
				431DE9A02756BE7D0069F64F /* Base */,
			);
			name = Main.storyboard;
			sourceTree = "<group>";
		};
		431DE9A42756BE800069F64F /* LaunchScreen.storyboard */ = {
			isa = PBXVariantGroup;
			children = (
				431DE9A52756BE800069F64F /* Base */,
			);
			name = LaunchScreen.storyboard;
			sourceTree = "<group>";
		};
/* End PBXVariantGroup section */

/* Begin XCBuildConfiguration section */
		431DE9A82756BE800069F64F /* Debug */ = {
			isa = XCBuildConfiguration;
			buildSettings = {
				ALWAYS_SEARCH_USER_PATHS = NO;
				CLANG_ANALYZER_NONNULL = YES;
				CLANG_ANALYZER_NUMBER_OBJECT_CONVERSION = YES_AGGRESSIVE;
				CLANG_CXX_LANGUAGE_STANDARD = "gnu++14";
				CLANG_CXX_LIBRARY = "libc++";
				CLANG_ENABLE_MODULES = YES;
				CLANG_ENABLE_OBJC_ARC = YES;
				CLANG_ENABLE_OBJC_WEAK = YES;
				CLANG_WARN_BLOCK_CAPTURE_AUTORELEASING = YES;
				CLANG_WARN_BOOL_CONVERSION = YES;
				CLANG_WARN_COMMA = YES;
				CLANG_WARN_CONSTANT_CONVERSION = YES;
				CLANG_WARN_DEPRECATED_OBJC_IMPLEMENTATIONS = YES;
				CLANG_WARN_DIRECT_OBJC_ISA_USAGE = YES_ERROR;
				CLANG_WARN_DOCUMENTATION_COMMENTS = YES;
				CLANG_WARN_EMPTY_BODY = YES;
				CLANG_WARN_ENUM_CONVERSION = YES;
				CLANG_WARN_INFINITE_RECURSION = YES;
				CLANG_WARN_INT_CONVERSION = YES;
				CLANG_WARN_NON_LITERAL_NULL_CONVERSION = YES;
				CLANG_WARN_OBJC_IMPLICIT_RETAIN_SELF = YES;
				CLANG_WARN_OBJC_LITERAL_CONVERSION = YES;
				CLANG_WARN_OBJC_ROOT_CLASS = YES_ERROR;
				CLANG_WARN_QUOTED_INCLUDE_IN_FRAMEWORK_HEADER = YES;
				CLANG_WARN_RANGE_LOOP_ANALYSIS = YES;
				CLANG_WARN_STRICT_PROTOTYPES = YES;
				CLANG_WARN_SUSPICIOUS_MOVE = YES;
				CLANG_WARN_UNGUARDED_AVAILABILITY = YES_AGGRESSIVE;
				CLANG_WARN_UNREACHABLE_CODE = YES;
				CLANG_WARN__DUPLICATE_METHOD_MATCH = YES;
				COPY_PHASE_STRIP = NO;
				DEBUG_INFORMATION_FORMAT = dwarf;
				ENABLE_STRICT_OBJC_MSGSEND = YES;
				ENABLE_TESTABILITY = YES;
				GCC_C_LANGUAGE_STANDARD = gnu11;
				GCC_DYNAMIC_NO_PIC = NO;
				GCC_NO_COMMON_BLOCKS = YES;
				GCC_OPTIMIZATION_LEVEL = 0;
				GCC_PREPROCESSOR_DEFINITIONS = (
					"DEBUG=1",
					"$(inherited)",
				);
				GCC_WARN_64_TO_32_BIT_CONVERSION = YES;
				GCC_WARN_ABOUT_RETURN_TYPE = YES_ERROR;
				GCC_WARN_UNDECLARED_SELECTOR = YES;
				GCC_WARN_UNINITIALIZED_AUTOS = YES_AGGRESSIVE;
				GCC_WARN_UNUSED_FUNCTION = YES;
				GCC_WARN_UNUSED_VARIABLE = YES;
				IPHONEOS_DEPLOYMENT_TARGET = 14.5;
				MTL_ENABLE_DEBUG_INFO = INCLUDE_SOURCE;
				MTL_FAST_MATH = YES;
				ONLY_ACTIVE_ARCH = YES;
				SDKROOT = iphoneos;
				SWIFT_ACTIVE_COMPILATION_CONDITIONS = DEBUG;
				SWIFT_OPTIMIZATION_LEVEL = "-Onone";
			};
			name = Debug;
		};
		431DE9A92756BE800069F64F /* Release */ = {
			isa = XCBuildConfiguration;
			buildSettings = {
				ALWAYS_SEARCH_USER_PATHS = NO;
				CLANG_ANALYZER_NONNULL = YES;
				CLANG_ANALYZER_NUMBER_OBJECT_CONVERSION = YES_AGGRESSIVE;
				CLANG_CXX_LANGUAGE_STANDARD = "gnu++14";
				CLANG_CXX_LIBRARY = "libc++";
				CLANG_ENABLE_MODULES = YES;
				CLANG_ENABLE_OBJC_ARC = YES;
				CLANG_ENABLE_OBJC_WEAK = YES;
				CLANG_WARN_BLOCK_CAPTURE_AUTORELEASING = YES;
				CLANG_WARN_BOOL_CONVERSION = YES;
				CLANG_WARN_COMMA = YES;
				CLANG_WARN_CONSTANT_CONVERSION = YES;
				CLANG_WARN_DEPRECATED_OBJC_IMPLEMENTATIONS = YES;
				CLANG_WARN_DIRECT_OBJC_ISA_USAGE = YES_ERROR;
				CLANG_WARN_DOCUMENTATION_COMMENTS = YES;
				CLANG_WARN_EMPTY_BODY = YES;
				CLANG_WARN_ENUM_CONVERSION = YES;
				CLANG_WARN_INFINITE_RECURSION = YES;
				CLANG_WARN_INT_CONVERSION = YES;
				CLANG_WARN_NON_LITERAL_NULL_CONVERSION = YES;
				CLANG_WARN_OBJC_IMPLICIT_RETAIN_SELF = YES;
				CLANG_WARN_OBJC_LITERAL_CONVERSION = YES;
				CLANG_WARN_OBJC_ROOT_CLASS = YES_ERROR;
				CLANG_WARN_QUOTED_INCLUDE_IN_FRAMEWORK_HEADER = YES;
				CLANG_WARN_RANGE_LOOP_ANALYSIS = YES;
				CLANG_WARN_STRICT_PROTOTYPES = YES;
				CLANG_WARN_SUSPICIOUS_MOVE = YES;
				CLANG_WARN_UNGUARDED_AVAILABILITY = YES_AGGRESSIVE;
				CLANG_WARN_UNREACHABLE_CODE = YES;
				CLANG_WARN__DUPLICATE_METHOD_MATCH = YES;
				COPY_PHASE_STRIP = NO;
				DEBUG_INFORMATION_FORMAT = "dwarf-with-dsym";
				ENABLE_NS_ASSERTIONS = NO;
				ENABLE_STRICT_OBJC_MSGSEND = YES;
				GCC_C_LANGUAGE_STANDARD = gnu11;
				GCC_NO_COMMON_BLOCKS = YES;
				GCC_WARN_64_TO_32_BIT_CONVERSION = YES;
				GCC_WARN_ABOUT_RETURN_TYPE = YES_ERROR;
				GCC_WARN_UNDECLARED_SELECTOR = YES;
				GCC_WARN_UNINITIALIZED_AUTOS = YES_AGGRESSIVE;
				GCC_WARN_UNUSED_FUNCTION = YES;
				GCC_WARN_UNUSED_VARIABLE = YES;
				IPHONEOS_DEPLOYMENT_TARGET = 14.5;
				MTL_ENABLE_DEBUG_INFO = NO;
				MTL_FAST_MATH = YES;
				SDKROOT = iphoneos;
				SWIFT_COMPILATION_MODE = wholemodule;
				SWIFT_OPTIMIZATION_LEVEL = "-O";
				VALIDATE_PRODUCT = YES;
			};
			name = Release;
		};
		431DE9AB2756BE800069F64F /* Debug */ = {
			isa = XCBuildConfiguration;
			buildSettings = {
				ASSETCATALOG_COMPILER_APPICON_NAME = AppIcon;
				ASSETCATALOG_COMPILER_GLOBAL_ACCENT_COLOR_NAME = AccentColor;
				CODE_SIGN_STYLE = Automatic;
				DEVELOPMENT_TEAM = 99KLMFDULD;
				INFOPLIST_FILE = "Catch 'em All/Info.plist";
				LD_RUNPATH_SEARCH_PATHS = (
					"$(inherited)",
					"@executable_path/Frameworks",
				);
				PRODUCT_BUNDLE_IDENTIFIER = "Joshua-Chang.Catch--em-All";
				PRODUCT_NAME = "$(TARGET_NAME)";
				SWIFT_VERSION = 5.0;
				TARGETED_DEVICE_FAMILY = "1,2";
			};
			name = Debug;
		};
		431DE9AC2756BE800069F64F /* Release */ = {
			isa = XCBuildConfiguration;
			buildSettings = {
				ASSETCATALOG_COMPILER_APPICON_NAME = AppIcon;
				ASSETCATALOG_COMPILER_GLOBAL_ACCENT_COLOR_NAME = AccentColor;
				CODE_SIGN_STYLE = Automatic;
				DEVELOPMENT_TEAM = 99KLMFDULD;
				INFOPLIST_FILE = "Catch 'em All/Info.plist";
				LD_RUNPATH_SEARCH_PATHS = (
					"$(inherited)",
					"@executable_path/Frameworks",
				);
				PRODUCT_BUNDLE_IDENTIFIER = "Joshua-Chang.Catch--em-All";
				PRODUCT_NAME = "$(TARGET_NAME)";
				SWIFT_VERSION = 5.0;
				TARGETED_DEVICE_FAMILY = "1,2";
			};
			name = Release;
		};
/* End XCBuildConfiguration section */

/* Begin XCConfigurationList section */
		431DE9912756BE7D0069F64F /* Build configuration list for PBXProject "Catch 'em All" */ = {
			isa = XCConfigurationList;
			buildConfigurations = (
				431DE9A82756BE800069F64F /* Debug */,
				431DE9A92756BE800069F64F /* Release */,
			);
			defaultConfigurationIsVisible = 0;
			defaultConfigurationName = Release;
		};
		431DE9AA2756BE800069F64F /* Build configuration list for PBXNativeTarget "Catch 'em All" */ = {
			isa = XCConfigurationList;
			buildConfigurations = (
				431DE9AB2756BE800069F64F /* Debug */,
				431DE9AC2756BE800069F64F /* Release */,
			);
			defaultConfigurationIsVisible = 0;
			defaultConfigurationName = Release;
		};
/* End XCConfigurationList section */
	};
	rootObject = 431DE98E2756BE7D0069F64F /* Project object */;
}
